
Microsoft Visual Studio Solution File, Format Version 12.00
# Visual Studio 15
VisualStudioVersion = 15.0.27130.2010
MinimumVisualStudioVersion = 10.0.40219.1
Project("{8BC9CEB8-8B4A-11D0-8D11-00A0C91BC942}") = "MacroMaker", "MacroMaker\MacroMaker.vcxproj", "{09F2BFD4-E038-44F2-B4CE-5481A3B1E196}"
EndProject
Global
	GlobalSection(SolutionConfigurationPlatforms) = preSolution
		Debug|x64 = Debug|x64
		Debug|x86 = Debug|x86
		Release|x64 = Release|x64
		Release|x86 = Release|x86
	EndGlobalSection
	GlobalSection(ProjectConfigurationPlatforms) = postSolution
		{09F2BFD4-E038-44F2-B4CE-5481A3B1E196}.Debug|x64.ActiveCfg = Debug|x64
		{09F2BFD4-E038-44F2-B4CE-5481A3B1E196}.Debug|x64.Build.0 = Debug|x64
		{09F2BFD4-E038-44F2-B4CE-5481A3B1E196}.Debug|x86.ActiveCfg = Debug|Win32
		{09F2BFD4-E038-44F2-B4CE-5481A3B1E196}.Debug|x86.Build.0 = Debug|Win32
		{09F2BFD4-E038-44F2-B4CE-5481A3B1E196}.Release|x64.ActiveCfg = Release|x64
		{09F2BFD4-E038-44F2-B4CE-5481A3B1E196}.Release|x64.Build.0 = Release|x64
		{09F2BFD4-E038-44F2-B4CE-5481A3B1E196}.Release|x86.ActiveCfg = Release|Win32
		{09F2BFD4-E038-44F2-B4CE-5481A3B1E196}.Release|x86.Build.0 = Release|Win32
	EndGlobalSection
	GlobalSection(SolutionProperties) = preSolution
		HideSolutionNode = FALSE
	EndGlobalSection
	GlobalSection(ExtensibilityGlobals) = postSolution
		SolutionGuid = {186A84DC-68AE-4BFA-A949-344787526F93}
	EndGlobalSection
EndGlobal
